
Microsoft Visual Studio Solution File, Format Version 12.00
# Visual Studio Version 17
VisualStudioVersion = 17.7.34202.233
MinimumVisualStudioVersion = 10.0.40219.1
Project("{FAE04EC0-301F-11D3-BF4B-00C04F79EFBC}") = "WebApi", "WebApi\WebApi.csproj", "{1FF8B9DC-730B-45C1-AE40-112713FE48CD}"
EndProject
Global
	GlobalSection(SolutionConfigurationPlatforms) = preSolution
		Debug|Any CPU = Debug|Any CPU
		Release|Any CPU = Release|Any CPU
	EndGlobalSection
	GlobalSection(ProjectConfigurationPlatforms) = postSolution
		{1FF8B9DC-730B-45C1-AE40-112713FE48CD}.Debug|Any CPU.ActiveCfg = Debug|Any CPU
		{1FF8B9DC-730B-45C1-AE40-112713FE48CD}.Debug|Any CPU.Build.0 = Debug|Any CPU
		{1FF8B9DC-730B-45C1-AE40-112713FE48CD}.Release|Any CPU.ActiveCfg = Release|Any CPU
		{1FF8B9DC-730B-45C1-AE40-112713FE48CD}.Release|Any CPU.Build.0 = Release|Any CPU
	EndGlobalSection
	GlobalSection(SolutionProperties) = preSolution
		HideSolutionNode = FALSE
	EndGlobalSection
	GlobalSection(ExtensibilityGlobals) = postSolution
		SolutionGuid = {1CBC2D58-1947-4E71-9437-B3E94030E116}
	EndGlobalSection
EndGlobal
